{
  "name": "Pursuit",
  "lockfileVersion": 2,
  "requires": true,
  "packages": {
    "": {
      "dependencies": {
        "8-0-built-in-methods-lab": "github:Shani4-1/8-0-built-in-methods-lab"
      }
    },
    "node_modules/8-0-built-in-methods-lab": {
      "version": "1.0.0",
      "resolved": "git+ssh://git@github.com/Shani4-1/8-0-built-in-methods-lab.git#63b1093122927224b6ad1dcf5ef458b308d6ba62",
      "license": "ISC"
    }
  },
  "dependencies": {
    "8-0-built-in-methods-lab": {
      "version": "git+ssh://git@github.com/Shani4-1/8-0-built-in-methods-lab.git#63b1093122927224b6ad1dcf5ef458b308d6ba62",
      "from": "8-0-built-in-methods-lab@github:Shani4-1/8-0-built-in-methods-lab"
    }
  }
}
